github.com/bosari-a/array-utils v1.0.0 h1:QhEJT94tG791gfcfBbQLPnrMmFKNzWw/J4pfN8NR5CI=
github.com/bosari-a/array-utils v1.0.0/go.mod h1:kk2waH5/1/e0x7fiJbiuzzj9Lgm5VxatYgpIoxjZE6E=
github.com/bosari-a/go-wordnet v1.0.0 h1:VIV4hjFESQ4Pck+ggFwz+QII8qSL3nTaSfurj+1ELhI=
github.com/bosari-a/go-wordnet v1.0.0/go.mod h1:5IBN0bxRnVdyd+3SGUCD8KKxSh3NO2yyx1uBfLObT78=
